
Microsoft Visual Studio Solution File, Format Version 12.00
# Visual Studio Version 17
VisualStudioVersion = 17.10.35122.118
MinimumVisualStudioVersion = 10.0.40219.1
Project("{FAE04EC0-301F-11D3-BF4B-00C04F79EFBC}") = "Esemenyek", "Esemenyek\Esemenyek.csproj", "{99B0ED56-A9F2-4A46-B4BF-90EF22C6F46A}"
EndProject
Global
	GlobalSection(SolutionConfigurationPlatforms) = preSolution
		Debug|Any CPU = Debug|Any CPU
		Release|Any CPU = Release|Any CPU
	EndGlobalSection
	GlobalSection(ProjectConfigurationPlatforms) = postSolution
		{99B0ED56-A9F2-4A46-B4BF-90EF22C6F46A}.Debug|Any CPU.ActiveCfg = Debug|Any CPU
		{99B0ED56-A9F2-4A46-B4BF-90EF22C6F46A}.Debug|Any CPU.Build.0 = Debug|Any CPU
		{99B0ED56-A9F2-4A46-B4BF-90EF22C6F46A}.Release|Any CPU.ActiveCfg = Release|Any CPU
		{99B0ED56-A9F2-4A46-B4BF-90EF22C6F46A}.Release|Any CPU.Build.0 = Release|Any CPU
	EndGlobalSection
	GlobalSection(SolutionProperties) = preSolution
		HideSolutionNode = FALSE
	EndGlobalSection
	GlobalSection(ExtensibilityGlobals) = postSolution
		SolutionGuid = {87F3F224-C7C8-414F-B524-7058549EF946}
	EndGlobalSection
EndGlobal
