
Microsoft Visual Studio Solution File, Format Version 12.00
# Visual Studio Version 17
VisualStudioVersion = 17.10.35013.160
MinimumVisualStudioVersion = 10.0.40219.1
Project("{FAE04EC0-301F-11D3-BF4B-00C04F79EFBC}") = "Leszarmazas", "Leszarmazas\Leszarmazas.csproj", "{B5954E57-F54B-4981-908A-87BEDEA477FC}"
EndProject
Global
	GlobalSection(SolutionConfigurationPlatforms) = preSolution
		Debug|Any CPU = Debug|Any CPU
		Release|Any CPU = Release|Any CPU
	EndGlobalSection
	GlobalSection(ProjectConfigurationPlatforms) = postSolution
		{B5954E57-F54B-4981-908A-87BEDEA477FC}.Debug|Any CPU.ActiveCfg = Debug|Any CPU
		{B5954E57-F54B-4981-908A-87BEDEA477FC}.Debug|Any CPU.Build.0 = Debug|Any CPU
		{B5954E57-F54B-4981-908A-87BEDEA477FC}.Release|Any CPU.ActiveCfg = Release|Any CPU
		{B5954E57-F54B-4981-908A-87BEDEA477FC}.Release|Any CPU.Build.0 = Release|Any CPU
	EndGlobalSection
	GlobalSection(SolutionProperties) = preSolution
		HideSolutionNode = FALSE
	EndGlobalSection
	GlobalSection(ExtensibilityGlobals) = postSolution
		SolutionGuid = {3085B82C-C78F-4FA3-AECD-9485AD47BFB4}
	EndGlobalSection
EndGlobal
