
Microsoft Visual Studio Solution File, Format Version 12.00
# Visual Studio Version 17
VisualStudioVersion = 17.10.35013.160
MinimumVisualStudioVersion = 10.0.40219.1
Project("{FAE04EC0-301F-11D3-BF4B-00C04F79EFBC}") = "FileRendszer", "FileRendszer\FileRendszer.csproj", "{27A8508A-A623-4EDB-938D-C20911DA8810}"
EndProject
Project("{FAE04EC0-301F-11D3-BF4B-00C04F79EFBC}") = "Betuszam", "Betuszam\Betuszam.csproj", "{F949EB2A-3A73-43E0-A0E6-734D6911497E}"
EndProject
Global
	GlobalSection(SolutionConfigurationPlatforms) = preSolution
		Debug|Any CPU = Debug|Any CPU
		Release|Any CPU = Release|Any CPU
	EndGlobalSection
	GlobalSection(ProjectConfigurationPlatforms) = postSolution
		{27A8508A-A623-4EDB-938D-C20911DA8810}.Debug|Any CPU.ActiveCfg = Debug|Any CPU
		{27A8508A-A623-4EDB-938D-C20911DA8810}.Debug|Any CPU.Build.0 = Debug|Any CPU
		{27A8508A-A623-4EDB-938D-C20911DA8810}.Release|Any CPU.ActiveCfg = Release|Any CPU
		{27A8508A-A623-4EDB-938D-C20911DA8810}.Release|Any CPU.Build.0 = Release|Any CPU
		{F949EB2A-3A73-43E0-A0E6-734D6911497E}.Debug|Any CPU.ActiveCfg = Debug|Any CPU
		{F949EB2A-3A73-43E0-A0E6-734D6911497E}.Debug|Any CPU.Build.0 = Debug|Any CPU
		{F949EB2A-3A73-43E0-A0E6-734D6911497E}.Release|Any CPU.ActiveCfg = Release|Any CPU
		{F949EB2A-3A73-43E0-A0E6-734D6911497E}.Release|Any CPU.Build.0 = Release|Any CPU
	EndGlobalSection
	GlobalSection(SolutionProperties) = preSolution
		HideSolutionNode = FALSE
	EndGlobalSection
	GlobalSection(ExtensibilityGlobals) = postSolution
		SolutionGuid = {F6121E4C-DFEA-4977-BC41-DAACFC4E4A62}
	EndGlobalSection
EndGlobal
